
Microsoft Visual Studio Solution File, Format Version 12.00
# Visual Studio Version 17
VisualStudioVersion = 17.9.34728.123
MinimumVisualStudioVersion = 10.0.40219.1
Project("{FAE04EC0-301F-11D3-BF4B-00C04F79EFBC}") = "GestionNotas", "GestionNotas\GestionNotas.csproj", "{B2ED4371-E457-4567-A5D5-25D8A8483C1A}"
EndProject
Project("{FAE04EC0-301F-11D3-BF4B-00C04F79EFBC}") = "Entity", "Entity\Entity.csproj", "{7FE1460B-7CA3-43B3-9331-CA492DFD73AE}"
EndProject
Project("{FAE04EC0-301F-11D3-BF4B-00C04F79EFBC}") = "DAL", "DAL\DAL.csproj", "{2226FFD6-7271-4FB9-8F53-F85840E2590F}"
EndProject
Project("{FAE04EC0-301F-11D3-BF4B-00C04F79EFBC}") = "BLL", "BLL\BLL.csproj", "{36F01A04-A972-4DE4-A31E-D0CE7098410A}"
EndProject
Global
	GlobalSection(SolutionConfigurationPlatforms) = preSolution
		Debug|Any CPU = Debug|Any CPU
		Release|Any CPU = Release|Any CPU
	EndGlobalSection
	GlobalSection(ProjectConfigurationPlatforms) = postSolution
		{B2ED4371-E457-4567-A5D5-25D8A8483C1A}.Debug|Any CPU.ActiveCfg = Debug|Any CPU
		{B2ED4371-E457-4567-A5D5-25D8A8483C1A}.Debug|Any CPU.Build.0 = Debug|Any CPU
		{B2ED4371-E457-4567-A5D5-25D8A8483C1A}.Release|Any CPU.ActiveCfg = Release|Any CPU
		{B2ED4371-E457-4567-A5D5-25D8A8483C1A}.Release|Any CPU.Build.0 = Release|Any CPU
		{7FE1460B-7CA3-43B3-9331-CA492DFD73AE}.Debug|Any CPU.ActiveCfg = Debug|Any CPU
		{7FE1460B-7CA3-43B3-9331-CA492DFD73AE}.Debug|Any CPU.Build.0 = Debug|Any CPU
		{7FE1460B-7CA3-43B3-9331-CA492DFD73AE}.Release|Any CPU.ActiveCfg = Release|Any CPU
		{7FE1460B-7CA3-43B3-9331-CA492DFD73AE}.Release|Any CPU.Build.0 = Release|Any CPU
		{2226FFD6-7271-4FB9-8F53-F85840E2590F}.Debug|Any CPU.ActiveCfg = Debug|Any CPU
		{2226FFD6-7271-4FB9-8F53-F85840E2590F}.Debug|Any CPU.Build.0 = Debug|Any CPU
		{2226FFD6-7271-4FB9-8F53-F85840E2590F}.Release|Any CPU.ActiveCfg = Release|Any CPU
		{2226FFD6-7271-4FB9-8F53-F85840E2590F}.Release|Any CPU.Build.0 = Release|Any CPU
		{36F01A04-A972-4DE4-A31E-D0CE7098410A}.Debug|Any CPU.ActiveCfg = Debug|Any CPU
		{36F01A04-A972-4DE4-A31E-D0CE7098410A}.Debug|Any CPU.Build.0 = Debug|Any CPU
		{36F01A04-A972-4DE4-A31E-D0CE7098410A}.Release|Any CPU.ActiveCfg = Release|Any CPU
		{36F01A04-A972-4DE4-A31E-D0CE7098410A}.Release|Any CPU.Build.0 = Release|Any CPU
	EndGlobalSection
	GlobalSection(SolutionProperties) = preSolution
		HideSolutionNode = FALSE
	EndGlobalSection
	GlobalSection(ExtensibilityGlobals) = postSolution
		SolutionGuid = {02FE0745-8C78-4B1A-B63C-7936F6550D50}
	EndGlobalSection
EndGlobal
