
Microsoft Visual Studio Solution File, Format Version 12.00
# Visual Studio Version 17
VisualStudioVersion = 17.9.34728.123
MinimumVisualStudioVersion = 10.0.40219.1
Project("{FAE04EC0-301F-11D3-BF4B-00C04F79EFBC}") = "Presentacion", "Presentacion\Presentacion.csproj", "{654B862B-FFC4-4193-8A52-4AE32F86A892}"
EndProject
Project("{FAE04EC0-301F-11D3-BF4B-00C04F79EFBC}") = "BLL", "BLL\BLL.csproj", "{BC9B689F-CC57-46B0-B842-928B18662EC7}"
EndProject
Project("{FAE04EC0-301F-11D3-BF4B-00C04F79EFBC}") = "DAL", "DAL\DAL.csproj", "{BC49250D-504F-47EA-93A3-42E2B36E17BB}"
EndProject
Global
	GlobalSection(SolutionConfigurationPlatforms) = preSolution
		Debug|Any CPU = Debug|Any CPU
		Release|Any CPU = Release|Any CPU
	EndGlobalSection
	GlobalSection(ProjectConfigurationPlatforms) = postSolution
		{654B862B-FFC4-4193-8A52-4AE32F86A892}.Debug|Any CPU.ActiveCfg = Debug|Any CPU
		{654B862B-FFC4-4193-8A52-4AE32F86A892}.Debug|Any CPU.Build.0 = Debug|Any CPU
		{654B862B-FFC4-4193-8A52-4AE32F86A892}.Release|Any CPU.ActiveCfg = Release|Any CPU
		{654B862B-FFC4-4193-8A52-4AE32F86A892}.Release|Any CPU.Build.0 = Release|Any CPU
		{BC9B689F-CC57-46B0-B842-928B18662EC7}.Debug|Any CPU.ActiveCfg = Debug|Any CPU
		{BC9B689F-CC57-46B0-B842-928B18662EC7}.Debug|Any CPU.Build.0 = Debug|Any CPU
		{BC9B689F-CC57-46B0-B842-928B18662EC7}.Release|Any CPU.ActiveCfg = Release|Any CPU
		{BC9B689F-CC57-46B0-B842-928B18662EC7}.Release|Any CPU.Build.0 = Release|Any CPU
		{BC49250D-504F-47EA-93A3-42E2B36E17BB}.Debug|Any CPU.ActiveCfg = Debug|Any CPU
		{BC49250D-504F-47EA-93A3-42E2B36E17BB}.Debug|Any CPU.Build.0 = Debug|Any CPU
		{BC49250D-504F-47EA-93A3-42E2B36E17BB}.Release|Any CPU.ActiveCfg = Release|Any CPU
		{BC49250D-504F-47EA-93A3-42E2B36E17BB}.Release|Any CPU.Build.0 = Release|Any CPU
	EndGlobalSection
	GlobalSection(SolutionProperties) = preSolution
		HideSolutionNode = FALSE
	EndGlobalSection
	GlobalSection(ExtensibilityGlobals) = postSolution
		SolutionGuid = {02FE0745-8C78-4B1A-B63C-7936F6550D50}
	EndGlobalSection
EndGlobal
